Microsoft Visual Studio Solution File, Format Version 11.00
# Visual Studio 2008

Project("{1F1BFEF8-DF7C-B4B4-B7C1-04EB2828FE8C}") = "Benjamin Haddad - Technical Project - Inverse Kinematics", "Assembly-CSharp.csproj", "{9096B808-78CA-7C86-1C2A-083840AC8A91}"
EndProject
Global
	GlobalSection(SolutionConfigurationPlatforms) = preSolution
		Debug|Any CPU = Debug|Any CPU
		Release|Any CPU = Release|Any CPU
	EndGlobalSection
	GlobalSection(ProjectConfigurationPlatforms) = postSolution
		{9096B808-78CA-7C86-1C2A-083840AC8A91}.Debug|Any CPU.ActiveCfg = Debug|Any CPU
		{9096B808-78CA-7C86-1C2A-083840AC8A91}.Debug|Any CPU.Build.0 = Debug|Any CPU
		{9096B808-78CA-7C86-1C2A-083840AC8A91}.Release|Any CPU.ActiveCfg = Release|Any CPU
		{9096B808-78CA-7C86-1C2A-083840AC8A91}.Release|Any CPU.Build.0 = Release|Any CPU
	EndGlobalSection
	GlobalSection(SolutionProperties) = preSolution
		HideSolutionNode = FALSE
	EndGlobalSection
	GlobalSection(MonoDevelopProperties) = preSolution
		StartupItem = Assembly-CSharp.csproj
	EndGlobalSection
EndGlobal
